{
  "nodes": {
    "chesslib": {
      "inputs": {
        "flake-parts": "flake-parts",
        "foolnotion": [
          "foolnotion"
        ],
        "nixpkgs": [
          "nixpkgs"
        ]
      },
      "locked": {
        "lastModified": 1776771939,
        "narHash": "sha256-wYvm4ekhNElEQcLsMQiVoc5O8yqQfpx/S2A5JXGg+vA=",
        "owner": "foolnotion",
        "repo": "chesslib",
        "rev": "0ef840eb29a455e9e5cd13d04c1a8f7142d33d45",
        "type": "github"
      },
      "original": {
        "owner": "foolnotion",
        "repo": "chesslib",
        "type": "github"
      }
    },
    "flake-parts": {
      "inputs": {
        "nixpkgs-lib": "nixpkgs-lib"
      },
      "locked": {
        "lastModified": 1772408722,
        "narHash": "sha256-rHuJtdcOjK7rAHpHphUb1iCvgkU3GpfvicLMwwnfMT0=",
        "owner": "hercules-ci",
        "repo": "flake-parts",
        "rev": "f20dc5d9b8027381c474144ecabc9034d6a839a3",
        "type": "github"
      },
      "original": {
        "owner": "hercules-ci",
        "repo": "flake-parts",
        "type": "github"
      }
    },
    "flake-parts_2": {
      "inputs": {
        "nixpkgs-lib": "nixpkgs-lib_2"
      },
      "locked": {
        "lastModified": 1775087534,
        "narHash": "sha256-91qqW8lhL7TLwgQWijoGBbiD4t7/q75KTi8NxjVmSmA=",
        "owner": "hercules-ci",
        "repo": "flake-parts",
        "rev": "3107b77cd68437b9a76194f0f7f9c55f2329ca5b",
        "type": "github"
      },
      "original": {
        "owner": "hercules-ci",
        "repo": "flake-parts",
        "type": "github"
      }
    },
    "flake-parts_3": {
      "inputs": {
        "nixpkgs-lib": "nixpkgs-lib_3"
      },
      "locked": {
        "lastModified": 1775087534,
        "narHash": "sha256-91qqW8lhL7TLwgQWijoGBbiD4t7/q75KTi8NxjVmSmA=",
        "owner": "hercules-ci",
        "repo": "flake-parts",
        "rev": "3107b77cd68437b9a76194f0f7f9c55f2329ca5b",
        "type": "github"
      },
      "original": {
        "owner": "hercules-ci",
        "repo": "flake-parts",
        "type": "github"
      }
    },
    "flake-parts_4": {
      "inputs": {
        "nixpkgs-lib": "nixpkgs-lib_4"
      },
      "locked": {
        "lastModified": 1775087534,
        "narHash": "sha256-91qqW8lhL7TLwgQWijoGBbiD4t7/q75KTi8NxjVmSmA=",
        "owner": "hercules-ci",
        "repo": "flake-parts",
        "rev": "3107b77cd68437b9a76194f0f7f9c55f2329ca5b",
        "type": "github"
      },
      "original": {
        "owner": "hercules-ci",
        "repo": "flake-parts",
        "type": "github"
      }
    },
    "foolnotion": {
      "inputs": {
        "nixpkgs": [
          "nixpkgs"
        ]
      },
      "locked": {
        "lastModified": 1776539815,
        "narHash": "sha256-1S/7kuJIjK+MOmGCN/JgjvvamhLywDZT4G/4kiODXqw=",
        "owner": "foolnotion",
        "repo": "nur-pkg",
        "rev": "994e91ede0266fe77c5a176b7880e231cd2fa3f1",
        "type": "github"
      },
      "original": {
        "owner": "foolnotion",
        "ref": "master",
        "repo": "nur-pkg",
        "type": "github"
      }
    },
    "nixpkgs": {
      "locked": {
        "lastModified": 1776705249,
        "narHash": "sha256-3cg0CfzLLq2ay8SzAoNbI2OJkWY1H3kudrzA6hL14FM=",
        "owner": "nixos",
        "repo": "nixpkgs",
        "rev": "cc3f2ee0b3909e42334f34720ccac109a7e67068",
        "type": "github"
      },
      "original": {
        "owner": "nixos",
        "ref": "master",
        "repo": "nixpkgs",
        "type": "github"
      }
    },
    "nixpkgs-lib": {
      "locked": {
        "lastModified": 1772328832,
        "narHash": "sha256-e+/T/pmEkLP6BHhYjx6GmwP5ivonQQn0bJdH9YrRB+Q=",
        "owner": "nix-community",
        "repo": "nixpkgs.lib",
        "rev": "c185c7a5e5dd8f9add5b2f8ebeff00888b070742",
        "type": "github"
      },
      "original": {
        "owner": "nix-community",
        "repo": "nixpkgs.lib",
        "type": "github"
      }
    },
    "nixpkgs-lib_2": {
      "locked": {
        "lastModified": 1774748309,
        "narHash": "sha256-+U7gF3qxzwD5TZuANzZPeJTZRHS29OFQgkQ2kiTJBIQ=",
        "owner": "nix-community",
        "repo": "nixpkgs.lib",
        "rev": "333c4e0545a6da976206c74db8773a1645b5870a",
        "type": "github"
      },
      "original": {
        "owner": "nix-community",
        "repo": "nixpkgs.lib",
        "type": "github"
      }
    },
    "nixpkgs-lib_3": {
      "locked": {
        "lastModified": 1774748309,
        "narHash": "sha256-+U7gF3qxzwD5TZuANzZPeJTZRHS29OFQgkQ2kiTJBIQ=",
        "owner": "nix-community",
        "repo": "nixpkgs.lib",
        "rev": "333c4e0545a6da976206c74db8773a1645b5870a",
        "type": "github"
      },
      "original": {
        "owner": "nix-community",
        "repo": "nixpkgs.lib",
        "type": "github"
      }
    },
    "nixpkgs-lib_4": {
      "locked": {
        "lastModified": 1774748309,
        "narHash": "sha256-+U7gF3qxzwD5TZuANzZPeJTZRHS29OFQgkQ2kiTJBIQ=",
        "owner": "nix-community",
        "repo": "nixpkgs.lib",
        "rev": "333c4e0545a6da976206c74db8773a1645b5870a",
        "type": "github"
      },
      "original": {
        "owner": "nix-community",
        "repo": "nixpkgs.lib",
        "type": "github"
      }
    },
    "pgnlib": {
      "inputs": {
        "flake-parts": "flake-parts_3",
        "foolnotion": [
          "foolnotion"
        ],
        "nixpkgs": [
          "nixpkgs"
        ]
      },
      "locked": {
        "lastModified": 1776705339,
        "narHash": "sha256-V4muWPNODEqqdrMITt7ky/tqCv6KYNuoGoNIZgqMvTo=",
        "owner": "foolnotion",
        "repo": "pgnlib",
        "rev": "29dfce03a18453a87e03156c6ef64e20df97646d",
        "type": "github"
      },
      "original": {
        "owner": "foolnotion",
        "repo": "pgnlib",
        "type": "github"
      }
    },
    "root": {
      "inputs": {
        "chesslib": "chesslib",
        "flake-parts": "flake-parts_2",
        "foolnotion": "foolnotion",
        "nixpkgs": "nixpkgs",
        "pgnlib": "pgnlib",
        "ucilib": "ucilib"
      }
    },
    "ucilib": {
      "inputs": {
        "flake-parts": "flake-parts_4",
        "foolnotion": [
          "foolnotion"
        ],
        "nixpkgs": [
          "nixpkgs"
        ]
      },
      "locked": {
        "lastModified": 1776422454,
        "narHash": "sha256-2+XRjNGjZkP2xbpmct7uXc5dTH0k/hsaeEs+9m5s1dc=",
        "owner": "foolnotion",
        "repo": "ucilib",
        "rev": "8e7a6ca50a98ed6972599c8a44c4c46275a5f9e0",
        "type": "github"
      },
      "original": {
        "owner": "foolnotion",
        "repo": "ucilib",
        "type": "github"
      }
    }
  },
  "root": "root",
  "version": 7
}
